
Microsoft Visual Studio Solution File, Format Version 12.00
# Visual Studio Version 17
VisualStudioVersion = 17.0.31919.166
MinimumVisualStudioVersion = 10.0.40219.1
Project("{9A19103F-16F7-4668-BE54-9A1E7A4F7556}") = "IpcSample.ConsoleServer", "IpcSample.ConsoleServer\IpcSample.ConsoleServer.csproj", "{24A3C4D2-95A2-48D9-86F2-648879EC74F4}"
EndProject
Project("{9A19103F-16F7-4668-BE54-9A1E7A4F7556}") = "IpcSample.ConsoleClient", "IpcSample.ConsoleClient\IpcSample.ConsoleClient.csproj", "{8D54E62A-ECFF-4FFF-B9D1-DB343D456451}"
EndProject
Project("{9A19103F-16F7-4668-BE54-9A1E7A4F7556}") = "UiPath.CoreIpc", "UiPath.CoreIpc\UiPath.CoreIpc.csproj", "{58200319-1F71-4E22-894D-7E69E0CD0B57}"
EndProject
Project("{9A19103F-16F7-4668-BE54-9A1E7A4F7556}") = "UiPath.CoreIpc.Tests", "UiPath.CoreIpc.Tests\UiPath.CoreIpc.Tests.csproj", "{892424AE-4D3A-4984-914E-9423BE8D0212}"
EndProject
Project("{2150E333-8FDC-42A3-9474-1A3956D46DE8}") = "Solution Items", "Solution Items", "{676A208A-2F08-4749-A833-F8D2BCB1B147}"
	ProjectSection(SolutionItems) = preProject
		NuGet.Config = NuGet.Config
	EndProjectSection
EndProject
Global
	GlobalSection(SolutionConfigurationPlatforms) = preSolution
		Debug|Any CPU = Debug|Any CPU
		Release|Any CPU = Release|Any CPU
	EndGlobalSection
	GlobalSection(ProjectConfigurationPlatforms) = postSolution
		{24A3C4D2-95A2-48D9-86F2-648879EC74F4}.Debug|Any CPU.ActiveCfg = Debug|Any CPU
		{24A3C4D2-95A2-48D9-86F2-648879EC74F4}.Debug|Any CPU.Build.0 = Debug|Any CPU
		{24A3C4D2-95A2-48D9-86F2-648879EC74F4}.Release|Any CPU.ActiveCfg = Release|Any CPU
		{24A3C4D2-95A2-48D9-86F2-648879EC74F4}.Release|Any CPU.Build.0 = Release|Any CPU
		{8D54E62A-ECFF-4FFF-B9D1-DB343D456451}.Debug|Any CPU.ActiveCfg = Debug|Any CPU
		{8D54E62A-ECFF-4FFF-B9D1-DB343D456451}.Debug|Any CPU.Build.0 = Debug|Any CPU
		{8D54E62A-ECFF-4FFF-B9D1-DB343D456451}.Release|Any CPU.ActiveCfg = Release|Any CPU
		{8D54E62A-ECFF-4FFF-B9D1-DB343D456451}.Release|Any CPU.Build.0 = Release|Any CPU
		{58200319-1F71-4E22-894D-7E69E0CD0B57}.Debug|Any CPU.ActiveCfg = Debug|Any CPU
		{58200319-1F71-4E22-894D-7E69E0CD0B57}.Debug|Any CPU.Build.0 = Debug|Any CPU
		{58200319-1F71-4E22-894D-7E69E0CD0B57}.Release|Any CPU.ActiveCfg = Release|Any CPU
		{58200319-1F71-4E22-894D-7E69E0CD0B57}.Release|Any CPU.Build.0 = Release|Any CPU
		{892424AE-4D3A-4984-914E-9423BE8D0212}.Debug|Any CPU.ActiveCfg = Debug|Any CPU
		{892424AE-4D3A-4984-914E-9423BE8D0212}.Debug|Any CPU.Build.0 = Debug|Any CPU
		{892424AE-4D3A-4984-914E-9423BE8D0212}.Release|Any CPU.ActiveCfg = Release|Any CPU
		{892424AE-4D3A-4984-914E-9423BE8D0212}.Release|Any CPU.Build.0 = Release|Any CPU
	EndGlobalSection
	GlobalSection(SolutionProperties) = preSolution
		HideSolutionNode = FALSE
	EndGlobalSection
	GlobalSection(ExtensibilityGlobals) = postSolution
		SolutionGuid = {F87E0D46-F461-4E41-9A3B-64710A6DFB2F}
	EndGlobalSection
EndGlobal
