
Microsoft Visual Studio Solution File, Format Version 12.00
# Visual Studio Version 17
VisualStudioVersion = 17.0.31919.166
MinimumVisualStudioVersion = 10.0.40219.1
Project("{9A19103F-16F7-4668-BE54-9A1E7A4F7556}") = "UiPath.CoreIpc", "UiPath.CoreIpc\UiPath.CoreIpc.csproj", "{58200319-1F71-4E22-894D-7E69E0CD0B57}"
EndProject
Project("{2150E333-8FDC-42A3-9474-1A3956D46DE8}") = "Solution Items", "Solution Items", "{676A208A-2F08-4749-A833-F8D2BCB1B147}"
	ProjectSection(SolutionItems) = preProject
		Directory.Build.props = Directory.Build.props
		Directory.Build.targets = Directory.Build.targets
		IpcSample.ConsoleServer\IpcSample.ConsoleServer.csproj = IpcSample.ConsoleServer\IpcSample.ConsoleServer.csproj
		..\NuGet.Config = ..\NuGet.Config
	EndProjectSection
EndProject
Project("{9A19103F-16F7-4668-BE54-9A1E7A4F7556}") = "Playground", "Playground\Playground.csproj", "{F0365E40-DA73-4583-A363-89CBEF68A4C6}"
EndProject
Project("{FAE04EC0-301F-11D3-BF4B-00C04F79EFBC}") = "UiPath.CoreIpc.Extensions.Abstractions", "UiPath.CoreIpc.Extensions.Abstractions\UiPath.CoreIpc.Extensions.Abstractions.csproj", "{F519AE2B-88A6-482E-A6E2-B525F71F566D}"
EndProject
Project("{FAE04EC0-301F-11D3-BF4B-00C04F79EFBC}") = "UiPath.CoreIpc.Extensions.BidirectionalHttp", "UiPath.CoreIpc.Extensions.BidirectionalHttp\UiPath.CoreIpc.Extensions.BidirectionalHttp.csproj", "{CE41844B-0F4F-4A5D-9AF9-77B58BE6ECD1}"
EndProject
Project("{FAE04EC0-301F-11D3-BF4B-00C04F79EFBC}") = "UiPath.CoreIpc.Tests", "UiPath.CoreIpc.Tests\UiPath.CoreIpc.Tests.csproj", "{41D716D4-78FC-4325-A20F-DA5A52AD3275}"
EndProject
Project("{FAE04EC0-301F-11D3-BF4B-00C04F79EFBC}") = "IpcSample.ConsoleClient", "IpcSample.ConsoleClient\IpcSample.ConsoleClient.csproj", "{2FF5D17E-E2E2-4A1E-B813-D681291EF3A7}"
EndProject
Project("{FAE04EC0-301F-11D3-BF4B-00C04F79EFBC}") = "IpcSample.ConsoleServer", "IpcSample.ConsoleServer\IpcSample.ConsoleServer.csproj", "{3CC0CFD7-528E-4091-A89D-DDCA3C0C3FED}"
EndProject
Global
	GlobalSection(SolutionConfigurationPlatforms) = preSolution
		Debug|Any CPU = Debug|Any CPU
		Release|Any CPU = Release|Any CPU
	EndGlobalSection
	GlobalSection(ProjectConfigurationPlatforms) = postSolution
		{58200319-1F71-4E22-894D-7E69E0CD0B57}.Debug|Any CPU.ActiveCfg = Debug|Any CPU
		{58200319-1F71-4E22-894D-7E69E0CD0B57}.Debug|Any CPU.Build.0 = Debug|Any CPU
		{58200319-1F71-4E22-894D-7E69E0CD0B57}.Release|Any CPU.ActiveCfg = Release|Any CPU
		{58200319-1F71-4E22-894D-7E69E0CD0B57}.Release|Any CPU.Build.0 = Release|Any CPU
		{F0365E40-DA73-4583-A363-89CBEF68A4C6}.Debug|Any CPU.ActiveCfg = Debug|Any CPU
		{F0365E40-DA73-4583-A363-89CBEF68A4C6}.Debug|Any CPU.Build.0 = Debug|Any CPU
		{F0365E40-DA73-4583-A363-89CBEF68A4C6}.Release|Any CPU.ActiveCfg = Release|Any CPU
		{F0365E40-DA73-4583-A363-89CBEF68A4C6}.Release|Any CPU.Build.0 = Release|Any CPU
		{F519AE2B-88A6-482E-A6E2-B525F71F566D}.Debug|Any CPU.ActiveCfg = Debug|Any CPU
		{F519AE2B-88A6-482E-A6E2-B525F71F566D}.Debug|Any CPU.Build.0 = Debug|Any CPU
		{F519AE2B-88A6-482E-A6E2-B525F71F566D}.Release|Any CPU.ActiveCfg = Release|Any CPU
		{F519AE2B-88A6-482E-A6E2-B525F71F566D}.Release|Any CPU.Build.0 = Release|Any CPU
		{CE41844B-0F4F-4A5D-9AF9-77B58BE6ECD1}.Debug|Any CPU.ActiveCfg = Debug|Any CPU
		{CE41844B-0F4F-4A5D-9AF9-77B58BE6ECD1}.Debug|Any CPU.Build.0 = Debug|Any CPU
		{CE41844B-0F4F-4A5D-9AF9-77B58BE6ECD1}.Release|Any CPU.ActiveCfg = Release|Any CPU
		{CE41844B-0F4F-4A5D-9AF9-77B58BE6ECD1}.Release|Any CPU.Build.0 = Release|Any CPU
		{41D716D4-78FC-4325-A20F-DA5A52AD3275}.Debug|Any CPU.ActiveCfg = Debug|Any CPU
		{41D716D4-78FC-4325-A20F-DA5A52AD3275}.Debug|Any CPU.Build.0 = Debug|Any CPU
		{41D716D4-78FC-4325-A20F-DA5A52AD3275}.Release|Any CPU.ActiveCfg = Release|Any CPU
		{41D716D4-78FC-4325-A20F-DA5A52AD3275}.Release|Any CPU.Build.0 = Release|Any CPU
		{2FF5D17E-E2E2-4A1E-B813-D681291EF3A7}.Debug|Any CPU.ActiveCfg = Debug|Any CPU
		{2FF5D17E-E2E2-4A1E-B813-D681291EF3A7}.Debug|Any CPU.Build.0 = Debug|Any CPU
		{2FF5D17E-E2E2-4A1E-B813-D681291EF3A7}.Release|Any CPU.ActiveCfg = Release|Any CPU
		{2FF5D17E-E2E2-4A1E-B813-D681291EF3A7}.Release|Any CPU.Build.0 = Release|Any CPU
		{3CC0CFD7-528E-4091-A89D-DDCA3C0C3FED}.Debug|Any CPU.ActiveCfg = Debug|Any CPU
		{3CC0CFD7-528E-4091-A89D-DDCA3C0C3FED}.Debug|Any CPU.Build.0 = Debug|Any CPU
		{3CC0CFD7-528E-4091-A89D-DDCA3C0C3FED}.Release|Any CPU.ActiveCfg = Release|Any CPU
		{3CC0CFD7-528E-4091-A89D-DDCA3C0C3FED}.Release|Any CPU.Build.0 = Release|Any CPU
	EndGlobalSection
	GlobalSection(SolutionProperties) = preSolution
		HideSolutionNode = FALSE
	EndGlobalSection
	GlobalSection(ExtensibilityGlobals) = postSolution
		SolutionGuid = {F87E0D46-F461-4E41-9A3B-64710A6DFB2F}
	EndGlobalSection
EndGlobal
