
Microsoft Visual Studio Solution File, Format Version 12.00
# Visual Studio Version 17
VisualStudioVersion = 17.0.31903.59
MinimumVisualStudioVersion = 10.0.40219.1
Project("{9A19103F-16F7-4668-BE54-9A1E7A4F7556}") = "UiPath.CoreIpc", "..\src\UiPath.CoreIpc\UiPath.CoreIpc.csproj", "{6E3048EE-987B-4846-84EF-305A286092B1}"
EndProject
Project("{9A19103F-16F7-4668-BE54-9A1E7A4F7556}") = "UiPath.Ipc.Benchmarks", "UiPath.Ipc.Benchmarks\UiPath.Ipc.Benchmarks.csproj", "{D12CCF62-00C5-4291-A6A8-D3321C107EE7}"
EndProject
Global
	GlobalSection(SolutionConfigurationPlatforms) = preSolution
		Debug|Any CPU = Debug|Any CPU
		Release|Any CPU = Release|Any CPU
	EndGlobalSection
	GlobalSection(ProjectConfigurationPlatforms) = postSolution
		{6E3048EE-987B-4846-84EF-305A286092B1}.Debug|Any CPU.ActiveCfg = Debug|Any CPU
		{6E3048EE-987B-4846-84EF-305A286092B1}.Debug|Any CPU.Build.0 = Debug|Any CPU
		{6E3048EE-987B-4846-84EF-305A286092B1}.Release|Any CPU.ActiveCfg = Release|Any CPU
		{6E3048EE-987B-4846-84EF-305A286092B1}.Release|Any CPU.Build.0 = Release|Any CPU
		{D12CCF62-00C5-4291-A6A8-D3321C107EE7}.Debug|Any CPU.ActiveCfg = Debug|Any CPU
		{D12CCF62-00C5-4291-A6A8-D3321C107EE7}.Debug|Any CPU.Build.0 = Debug|Any CPU
		{D12CCF62-00C5-4291-A6A8-D3321C107EE7}.Release|Any CPU.ActiveCfg = Release|Any CPU
		{D12CCF62-00C5-4291-A6A8-D3321C107EE7}.Release|Any CPU.Build.0 = Release|Any CPU
	EndGlobalSection
	GlobalSection(SolutionProperties) = preSolution
		HideSolutionNode = FALSE
	EndGlobalSection
EndGlobal
